
Microsoft Visual Studio Solution File, Format Version 12.00
# Visual Studio Version 16
VisualStudioVersion = 16.0.31515.178
MinimumVisualStudioVersion = 10.0.40219.1
Project("{FAE04EC0-301F-11D3-BF4B-00C04F79EFBC}") = "Business", "Business\Business.csproj", "{D31BA0BB-1FCB-441D-90DE-5CE322D3BE93}"
EndProject
Project("{FAE04EC0-301F-11D3-BF4B-00C04F79EFBC}") = "DataAccess", "DataAccess\DataAccess.csproj", "{41B04F21-644A-4412-961F-A44BDBDEEFDF}"
EndProject
Project("{FAE04EC0-301F-11D3-BF4B-00C04F79EFBC}") = "Entities", "Entities\Entities.csproj", "{CFB76EDF-E388-47B4-ACD3-72FECBC38ED2}"
EndProject
Project("{FAE04EC0-301F-11D3-BF4B-00C04F79EFBC}") = "WebAPI", "WebAPI\WebAPI.csproj", "{301F2632-F590-43E3-993E-D65118E2F304}"
EndProject
Project("{FAE04EC0-301F-11D3-BF4B-00C04F79EFBC}") = "WebAPIWithWindowsForm", "WebAPIWithWindowsForm\WebAPIWithWindowsForm.csproj", "{58DA4824-22AB-474F-A380-E2DD33990402}"
EndProject
Project("{FAE04EC0-301F-11D3-BF4B-00C04F79EFBC}") = "WebAPIWithCoreMvc", "WebAPIWithCoreMvc\WebAPIWithCoreMvc.csproj", "{75A5615C-DCB1-4750-9724-4589192679EF}"
EndProject
Global
	GlobalSection(SolutionConfigurationPlatforms) = preSolution
		Debug|Any CPU = Debug|Any CPU
		Release|Any CPU = Release|Any CPU
	EndGlobalSection
	GlobalSection(ProjectConfigurationPlatforms) = postSolution
		{D31BA0BB-1FCB-441D-90DE-5CE322D3BE93}.Debug|Any CPU.ActiveCfg = Debug|Any CPU
		{D31BA0BB-1FCB-441D-90DE-5CE322D3BE93}.Debug|Any CPU.Build.0 = Debug|Any CPU
		{D31BA0BB-1FCB-441D-90DE-5CE322D3BE93}.Release|Any CPU.ActiveCfg = Release|Any CPU
		{D31BA0BB-1FCB-441D-90DE-5CE322D3BE93}.Release|Any CPU.Build.0 = Release|Any CPU
		{41B04F21-644A-4412-961F-A44BDBDEEFDF}.Debug|Any CPU.ActiveCfg = Debug|Any CPU
		{41B04F21-644A-4412-961F-A44BDBDEEFDF}.Debug|Any CPU.Build.0 = Debug|Any CPU
		{41B04F21-644A-4412-961F-A44BDBDEEFDF}.Release|Any CPU.ActiveCfg = Release|Any CPU
		{41B04F21-644A-4412-961F-A44BDBDEEFDF}.Release|Any CPU.Build.0 = Release|Any CPU
		{CFB76EDF-E388-47B4-ACD3-72FECBC38ED2}.Debug|Any CPU.ActiveCfg = Debug|Any CPU
		{CFB76EDF-E388-47B4-ACD3-72FECBC38ED2}.Debug|Any CPU.Build.0 = Debug|Any CPU
		{CFB76EDF-E388-47B4-ACD3-72FECBC38ED2}.Release|Any CPU.ActiveCfg = Release|Any CPU
		{CFB76EDF-E388-47B4-ACD3-72FECBC38ED2}.Release|Any CPU.Build.0 = Release|Any CPU
		{301F2632-F590-43E3-993E-D65118E2F304}.Debug|Any CPU.ActiveCfg = Debug|Any CPU
		{301F2632-F590-43E3-993E-D65118E2F304}.Debug|Any CPU.Build.0 = Debug|Any CPU
		{301F2632-F590-43E3-993E-D65118E2F304}.Release|Any CPU.ActiveCfg = Release|Any CPU
		{301F2632-F590-43E3-993E-D65118E2F304}.Release|Any CPU.Build.0 = Release|Any CPU
		{58DA4824-22AB-474F-A380-E2DD33990402}.Debug|Any CPU.ActiveCfg = Debug|Any CPU
		{58DA4824-22AB-474F-A380-E2DD33990402}.Debug|Any CPU.Build.0 = Debug|Any CPU
		{58DA4824-22AB-474F-A380-E2DD33990402}.Release|Any CPU.ActiveCfg = Release|Any CPU
		{58DA4824-22AB-474F-A380-E2DD33990402}.Release|Any CPU.Build.0 = Release|Any CPU
		{75A5615C-DCB1-4750-9724-4589192679EF}.Debug|Any CPU.ActiveCfg = Debug|Any CPU
		{75A5615C-DCB1-4750-9724-4589192679EF}.Debug|Any CPU.Build.0 = Debug|Any CPU
		{75A5615C-DCB1-4750-9724-4589192679EF}.Release|Any CPU.ActiveCfg = Release|Any CPU
		{75A5615C-DCB1-4750-9724-4589192679EF}.Release|Any CPU.Build.0 = Release|Any CPU
	EndGlobalSection
	GlobalSection(SolutionProperties) = preSolution
		HideSolutionNode = FALSE
	EndGlobalSection
	GlobalSection(ExtensibilityGlobals) = postSolution
		SolutionGuid = {AF780C2B-2B1A-4F52-81CD-5EA6C571331F}
	EndGlobalSection
EndGlobal
